PODS:
  - AFNetworking (3.2.1):
    - AFNetworking/NSURLSession (= 3.2.1)
    - AFNetworking/Reachability (= 3.2.1)
    - AFNetworking/Security (= 3.2.1)
    - AFNetworking/Serialization (= 3.2.1)
    - AFNetworking/UIKit (= 3.2.1)
  - AFNetworking/NSURLSession (3.2.1):
    - AFNetworking/Reachability
    - AFNetworking/Security
    - AFNetworking/Serialization
  - AFNetworking/Reachability (3.2.1)
  - AFNetworking/Security (3.2.1)
  - AFNetworking/Serialization (3.2.1)
  - AFNetworking/UIKit (3.2.1):
    - AFNetworking/NSURLSession
  - CardIO (5.4.1)
  - DZNEmptyDataSet (1.8.1)
  - FSScrollContentView (1.0.9)
  - IQKeyboardManager (5.0.8)
  - JXTAlertManager (1.0.2)
  - Masonry (1.1.0)
  - MBProgressHUD-YF (1.0.0)
  - MJExtension (3.2.1)
  - MJRefresh (3.3.1)
  - PayPal-iOS-SDK (2.18.1):
    - PayPal-iOS-SDK/CardIO (= 2.18.1)
    - PayPal-iOS-SDK/Core (= 2.18.1)
  - PayPal-iOS-SDK/CardIO (2.18.1):
    - CardIO (~> 5.4.1)
  - PayPal-iOS-SDK/Core (2.18.1)
  - SDCycleScrollView (1.80):
    - SDWebImage (>= 5.0.0)
  - SDWebImage (5.4.1):
    - SDWebImage/Core (= 5.4.1)
  - SDWebImage/Core (5.4.1)
  - Stripe (17.0.2)

DEPENDENCIES:
  - AFNetworking (~> 3.2.1)
  - DZNEmptyDataSet
  - FSScrollContentView
  - IQKeyboardManager (~> 5.0.6)
  - JXTAlertManager
  - Masonry
  - MBProgressHUD-YF
  - MJExtension
  - MJRefresh
  - PayPal-iOS-SDK
  - SDCycleScrollView
  - SDWebImage
  - Stripe

SPEC REPOS:
  https://github.com/cocoapods/specs.git:
    - AFNetworking
    - CardIO
    - DZNEmptyDataSet
    - FSScrollContentView
    - IQKeyboardManager
    - JXTAlertManager
    - Masonry
    - MBProgressHUD-YF
    - MJExtension
    - MJRefresh
    - PayPal-iOS-SDK
    - SDCycleScrollView
    - SDWebImage
    - Stripe

SPEC CHECKSUMS:
  AFNetworking: b6f891fdfaed196b46c7a83cf209e09697b94057
  CardIO: 56983b39b62f495fc6dae9ad7cf875143df06443
  DZNEmptyDataSet: 9525833b9e68ac21c30253e1d3d7076cc828eaa7
  FSScrollContentView: 2fdda268eb8f1a1d4aefd470bf70702dbc346d50
  IQKeyboardManager: 266cb7b1d11f94a3e71229d77f960f9a1b538e5b
  JXTAlertManager: 71a89e90ac1a6d72862fbe884eab513cb243a344
  Masonry: 678fab65091a9290e40e2832a55e7ab731aad201
  MBProgressHUD-YF: 0fc6a8f0cb5028f34de62895e4bcf21a38fa02ca
  MJExtension: 635f2c663dcb1bf76fa4b715b2570a5710aec545
  MJRefresh: eeda70fbf0ad277f3178cef1cd0c3532591d6237
  PayPal-iOS-SDK: 10654cd111e911a9807bddb96fae81aacb8e9915
  SDCycleScrollView: b3c9a5ed840c771c4938978174c7c9d9feefeb96
  SDWebImage: 29c340dbdcef342bb13125553f4e19ce056b07a7
  Stripe: 6c9ab10f087ca76c3cd7311462e383434921bdf8

PODFILE CHECKSUM: 761b0ba964601aa6bfb058a5e2bb60e328c6b920

COCOAPODS: 1.7.5
